
Microsoft Visual Studio Solution File, Format Version 12.00
# Visual Studio Version 17
VisualStudioVersion = 17.4.33213.308
MinimumVisualStudioVersion = 10.0.40219.1
Project("{9A19103F-16F7-4668-BE54-9A1E7A4F7556}") = "ActionResults_MVC_CoreDemo", "Demo_MVC1\ActionResults_MVC_CoreDemo.csproj", "{3F1A1E79-365E-4D0A-8419-0EE5389485AF}"
EndProject
Global
	GlobalSection(SolutionConfigurationPlatforms) = preSolution
		Debug|Any CPU = Debug|Any CPU
		Release|Any CPU = Release|Any CPU
	EndGlobalSection
	GlobalSection(ProjectConfigurationPlatforms) = postSolution
		{3F1A1E79-365E-4D0A-8419-0EE5389485AF}.Debug|Any CPU.ActiveCfg = Debug|Any CPU
		{3F1A1E79-365E-4D0A-8419-0EE5389485AF}.Debug|Any CPU.Build.0 = Debug|Any CPU
		{3F1A1E79-365E-4D0A-8419-0EE5389485AF}.Release|Any CPU.ActiveCfg = Release|Any CPU
		{3F1A1E79-365E-4D0A-8419-0EE5389485AF}.Release|Any CPU.Build.0 = Release|Any CPU
	EndGlobalSection
	GlobalSection(SolutionProperties) = preSolution
		HideSolutionNode = FALSE
	EndGlobalSection
	GlobalSection(ExtensibilityGlobals) = postSolution
		SolutionGuid = {41E899EB-8076-48E3-9A21-D9660C956EAB}
	EndGlobalSection
EndGlobal
